PODS:
  - CyaneaOctopus (0.3.1)
  - Realm (10.24.1):
    - Realm/Headers (= 10.24.1)
  - Realm/Headers (10.24.1)
  - RealmSwift (10.24.1):
    - Realm (= 10.24.1)
  - SwipeCellKit (2.7.1)
  - UIColor_Hex_Swift (5.1.7)

DEPENDENCIES:
  - CyaneaOctopus
  - RealmSwift
  - SwipeCellKit
  - UIColor_Hex_Swift

SPEC REPOS:
  trunk:
    - CyaneaOctopus
    - Realm
    - RealmSwift
    - SwipeCellKit
    - UIColor_Hex_Swift

SPEC CHECKSUMS:
  CyaneaOctopus: 6f683b8cee6c372419993a0e7de240c599edef1c
  Realm: f9bc5a212a9ab084b4ed90cda1c28d835a38a06b
  RealmSwift: 0b03bb38001bee4280dcc27709e6b33f438cfad1
  SwipeCellKit: 3972254a826da74609926daf59b08d6c72e619ea
  UIColor_Hex_Swift: 31cd3e47440f07a20d2503a36bb0437a445b3c29

PODFILE CHECKSUM: cb86c7264889a7e231cfd1652ab284fa622637e0

COCOAPODS: 1.11.3
